
Microsoft Visual Studio Solution File, Format Version 12.00
# Visual Studio Version 16
VisualStudioVersion = 16.0.30225.117
MinimumVisualStudioVersion = 10.0.40219.1
Project("{9A19103F-16F7-4668-BE54-9A1E7A4F7556}") = "TfxMiniCasherWebHost", "TfxMiniCasherWebHost\TfxMiniCasherWebHost.csproj", "{27F6B715-62E8-4EA1-9079-009F5E4F7800}"
EndProject
Project("{9A19103F-16F7-4668-BE54-9A1E7A4F7556}") = "TfxArchetypes.DomainDrivenDevelopment", "TfxArchetypes.DomainDrivenDevelopment\TfxArchetypes.DomainDrivenDevelopment.csproj", "{09DC2962-A250-4DAD-92CD-58C1738C4D1D}"
EndProject
Project("{9A19103F-16F7-4668-BE54-9A1E7A4F7556}") = "TfxData.EntityFrameworkAdapter", "TfxData.EntityFrameworkAdapter\TfxData.EntityFrameworkAdapter.csproj", "{A81BC1AE-A289-4C24-AD05-CECBAEF6227A}"
EndProject
Project("{9A19103F-16F7-4668-BE54-9A1E7A4F7556}") = "TfxMiniCasher.CrossCutting", "TfxMiniCasher.CrossCutting\TfxMiniCasher.CrossCutting.csproj", "{7E3113BC-B7D2-4F0A-8E0C-E68E280A8A10}"
EndProject
Project("{2150E333-8FDC-42A3-9474-1A3956D46DE8}") = "0-SharedComponents", "0-SharedComponents", "{E5A59356-2A42-47B9-ACC0-C1230B98D5EA}"
EndProject
Project("{9A19103F-16F7-4668-BE54-9A1E7A4F7556}") = "TfxMiniCasher.Domain", "TfxMiniCasher.Domain\TfxMiniCasher.Domain.csproj", "{D480D480-A2CA-4DF3-8AB1-C041F112D23B}"
EndProject
Project("{9A19103F-16F7-4668-BE54-9A1E7A4F7556}") = "TfxMiniCasher.Domain.Contracts", "TfxMiniCasher.Domain.Contracts\TfxMiniCasher.Domain.Contracts.csproj", "{36C46391-B095-4BF7-A589-D250F791CF68}"
EndProject
Project("{9A19103F-16F7-4668-BE54-9A1E7A4F7556}") = "TfxMiniCasher.Domain.Logic", "TfxMiniCasher.Domain.Logic\TfxMiniCasher.Domain.Logic.csproj", "{A647B96C-B313-427D-8F90-3103C49F5A25}"
EndProject
Project("{2150E333-8FDC-42A3-9474-1A3956D46DE8}") = "1-Domain", "1-Domain", "{0EC9B2A7-DA12-4686-AFEB-9CB89611E8E1}"
EndProject
Project("{9A19103F-16F7-4668-BE54-9A1E7A4F7556}") = "TfxMiniCasher.Application.Contracts", "TfxMiniCasher.Application.Contracts\TfxMiniCasher.Application.Contracts.csproj", "{02071CB5-6E76-4C47-B925-D498ED454869}"
EndProject
Project("{9A19103F-16F7-4668-BE54-9A1E7A4F7556}") = "TfxMiniCasher.Application.Logic", "TfxMiniCasher.Application.Logic\TfxMiniCasher.Application.Logic.csproj", "{FED1A939-2C4D-4B2B-936F-B94EDA48D327}"
EndProject
Project("{9A19103F-16F7-4668-BE54-9A1E7A4F7556}") = "TfxMiniCasher.Data.Contracts", "TfxMiniCasher.Data.Contracts\TfxMiniCasher.Data.Contracts.csproj", "{FB30FFFB-87AF-46F9-93F7-5817AD5813C2}"
EndProject
Project("{9A19103F-16F7-4668-BE54-9A1E7A4F7556}") = "TfxMiniCasher.EventHandlers", "TfxMiniCasher.EventHandlers\TfxMiniCasher.EventHandlers.csproj", "{1C076FF1-8C18-4242-A236-BA500C50208D}"
EndProject
Project("{2150E333-8FDC-42A3-9474-1A3956D46DE8}") = "2-Application", "2-Application", "{936B10F2-A1C6-4A32-86EC-F06C70699669}"
EndProject
Project("{9A19103F-16F7-4668-BE54-9A1E7A4F7556}") = "TfxMiniCasher.Data.Repositories", "TfxMiniCasher.Data.Repositories\TfxMiniCasher.Data.Repositories.csproj", "{BD780269-D99D-404A-A2A4-3BD0BDD403BC}"
EndProject
Project("{9A19103F-16F7-4668-BE54-9A1E7A4F7556}") = "TfxMiniCasher.Data.Migrations", "TfxMiniCasher.Data.Migrations\TfxMiniCasher.Data.Migrations.csproj", "{42A4E9C9-6E68-49CB-9FC0-6C58CC5CAC37}"
EndProject
Project("{2150E333-8FDC-42A3-9474-1A3956D46DE8}") = "3-Infrastructures", "3-Infrastructures", "{6012795D-7260-4215-B361-2A1EA8705E0B}"
EndProject
Project("{9A19103F-16F7-4668-BE54-9A1E7A4F7556}") = "TfxMiniCasher.WebMvc", "TfxMiniCasher.WebMvc\TfxMiniCasher.WebMvc.csproj", "{92C1EEF6-CDA4-42C5-A19C-384E142E70DE}"
EndProject
Project("{9A19103F-16F7-4668-BE54-9A1E7A4F7556}") = "TfxMiniCasher.WebApi", "TfxMiniCasher.WebApi\TfxMiniCasher.WebApi.csproj", "{4F0187A4-2CBF-419C-9553-918E832D785B}"
EndProject
Project("{2150E333-8FDC-42A3-9474-1A3956D46DE8}") = "4-UserInterfaces", "4-UserInterfaces", "{62AE5F4C-D0BE-4A49-86BB-BF6A58ADDC8C}"
EndProject
Global
	GlobalSection(SolutionConfigurationPlatforms) = preSolution
		Debug|Any CPU = Debug|Any CPU
		Release|Any CPU = Release|Any CPU
	EndGlobalSection
	GlobalSection(ProjectConfigurationPlatforms) = postSolution
		{27F6B715-62E8-4EA1-9079-009F5E4F7800}.Debug|Any CPU.ActiveCfg = Debug|Any CPU
		{27F6B715-62E8-4EA1-9079-009F5E4F7800}.Debug|Any CPU.Build.0 = Debug|Any CPU
		{27F6B715-62E8-4EA1-9079-009F5E4F7800}.Release|Any CPU.ActiveCfg = Release|Any CPU
		{27F6B715-62E8-4EA1-9079-009F5E4F7800}.Release|Any CPU.Build.0 = Release|Any CPU
		{09DC2962-A250-4DAD-92CD-58C1738C4D1D}.Debug|Any CPU.ActiveCfg = Debug|Any CPU
		{09DC2962-A250-4DAD-92CD-58C1738C4D1D}.Debug|Any CPU.Build.0 = Debug|Any CPU
		{09DC2962-A250-4DAD-92CD-58C1738C4D1D}.Release|Any CPU.ActiveCfg = Release|Any CPU
		{09DC2962-A250-4DAD-92CD-58C1738C4D1D}.Release|Any CPU.Build.0 = Release|Any CPU
		{A81BC1AE-A289-4C24-AD05-CECBAEF6227A}.Debug|Any CPU.ActiveCfg = Debug|Any CPU
		{A81BC1AE-A289-4C24-AD05-CECBAEF6227A}.Debug|Any CPU.Build.0 = Debug|Any CPU
		{A81BC1AE-A289-4C24-AD05-CECBAEF6227A}.Release|Any CPU.ActiveCfg = Release|Any CPU
		{A81BC1AE-A289-4C24-AD05-CECBAEF6227A}.Release|Any CPU.Build.0 = Release|Any CPU
		{7E3113BC-B7D2-4F0A-8E0C-E68E280A8A10}.Debug|Any CPU.ActiveCfg = Debug|Any CPU
		{7E3113BC-B7D2-4F0A-8E0C-E68E280A8A10}.Debug|Any CPU.Build.0 = Debug|Any CPU
		{7E3113BC-B7D2-4F0A-8E0C-E68E280A8A10}.Release|Any CPU.ActiveCfg = Release|Any CPU
		{7E3113BC-B7D2-4F0A-8E0C-E68E280A8A10}.Release|Any CPU.Build.0 = Release|Any CPU
		{D480D480-A2CA-4DF3-8AB1-C041F112D23B}.Debug|Any CPU.ActiveCfg = Debug|Any CPU
		{D480D480-A2CA-4DF3-8AB1-C041F112D23B}.Debug|Any CPU.Build.0 = Debug|Any CPU
		{D480D480-A2CA-4DF3-8AB1-C041F112D23B}.Release|Any CPU.ActiveCfg = Release|Any CPU
		{D480D480-A2CA-4DF3-8AB1-C041F112D23B}.Release|Any CPU.Build.0 = Release|Any CPU
		{36C46391-B095-4BF7-A589-D250F791CF68}.Debug|Any CPU.ActiveCfg = Debug|Any CPU
		{36C46391-B095-4BF7-A589-D250F791CF68}.Debug|Any CPU.Build.0 = Debug|Any CPU
		{36C46391-B095-4BF7-A589-D250F791CF68}.Release|Any CPU.ActiveCfg = Release|Any CPU
		{36C46391-B095-4BF7-A589-D250F791CF68}.Release|Any CPU.Build.0 = Release|Any CPU
		{A647B96C-B313-427D-8F90-3103C49F5A25}.Debug|Any CPU.ActiveCfg = Debug|Any CPU
		{A647B96C-B313-427D-8F90-3103C49F5A25}.Debug|Any CPU.Build.0 = Debug|Any CPU
		{A647B96C-B313-427D-8F90-3103C49F5A25}.Release|Any CPU.ActiveCfg = Release|Any CPU
		{A647B96C-B313-427D-8F90-3103C49F5A25}.Release|Any CPU.Build.0 = Release|Any CPU
		{02071CB5-6E76-4C47-B925-D498ED454869}.Debug|Any CPU.ActiveCfg = Debug|Any CPU
		{02071CB5-6E76-4C47-B925-D498ED454869}.Debug|Any CPU.Build.0 = Debug|Any CPU
		{02071CB5-6E76-4C47-B925-D498ED454869}.Release|Any CPU.ActiveCfg = Release|Any CPU
		{02071CB5-6E76-4C47-B925-D498ED454869}.Release|Any CPU.Build.0 = Release|Any CPU
		{FED1A939-2C4D-4B2B-936F-B94EDA48D327}.Debug|Any CPU.ActiveCfg = Debug|Any CPU
		{FED1A939-2C4D-4B2B-936F-B94EDA48D327}.Debug|Any CPU.Build.0 = Debug|Any CPU
		{FED1A939-2C4D-4B2B-936F-B94EDA48D327}.Release|Any CPU.ActiveCfg = Release|Any CPU
		{FED1A939-2C4D-4B2B-936F-B94EDA48D327}.Release|Any CPU.Build.0 = Release|Any CPU
		{FB30FFFB-87AF-46F9-93F7-5817AD5813C2}.Debug|Any CPU.ActiveCfg = Debug|Any CPU
		{FB30FFFB-87AF-46F9-93F7-5817AD5813C2}.Debug|Any CPU.Build.0 = Debug|Any CPU
		{FB30FFFB-87AF-46F9-93F7-5817AD5813C2}.Release|Any CPU.ActiveCfg = Release|Any CPU
		{FB30FFFB-87AF-46F9-93F7-5817AD5813C2}.Release|Any CPU.Build.0 = Release|Any CPU
		{1C076FF1-8C18-4242-A236-BA500C50208D}.Debug|Any CPU.ActiveCfg = Debug|Any CPU
		{1C076FF1-8C18-4242-A236-BA500C50208D}.Debug|Any CPU.Build.0 = Debug|Any CPU
		{1C076FF1-8C18-4242-A236-BA500C50208D}.Release|Any CPU.ActiveCfg = Release|Any CPU
		{1C076FF1-8C18-4242-A236-BA500C50208D}.Release|Any CPU.Build.0 = Release|Any CPU
		{BD780269-D99D-404A-A2A4-3BD0BDD403BC}.Debug|Any CPU.ActiveCfg = Debug|Any CPU
		{BD780269-D99D-404A-A2A4-3BD0BDD403BC}.Debug|Any CPU.Build.0 = Debug|Any CPU
		{BD780269-D99D-404A-A2A4-3BD0BDD403BC}.Release|Any CPU.ActiveCfg = Release|Any CPU
		{BD780269-D99D-404A-A2A4-3BD0BDD403BC}.Release|Any CPU.Build.0 = Release|Any CPU
		{42A4E9C9-6E68-49CB-9FC0-6C58CC5CAC37}.Debug|Any CPU.ActiveCfg = Debug|Any CPU
		{42A4E9C9-6E68-49CB-9FC0-6C58CC5CAC37}.Debug|Any CPU.Build.0 = Debug|Any CPU
		{42A4E9C9-6E68-49CB-9FC0-6C58CC5CAC37}.Release|Any CPU.ActiveCfg = Release|Any CPU
		{42A4E9C9-6E68-49CB-9FC0-6C58CC5CAC37}.Release|Any CPU.Build.0 = Release|Any CPU
		{92C1EEF6-CDA4-42C5-A19C-384E142E70DE}.Debug|Any CPU.ActiveCfg = Debug|Any CPU
		{92C1EEF6-CDA4-42C5-A19C-384E142E70DE}.Debug|Any CPU.Build.0 = Debug|Any CPU
		{92C1EEF6-CDA4-42C5-A19C-384E142E70DE}.Release|Any CPU.ActiveCfg = Release|Any CPU
		{92C1EEF6-CDA4-42C5-A19C-384E142E70DE}.Release|Any CPU.Build.0 = Release|Any CPU
		{4F0187A4-2CBF-419C-9553-918E832D785B}.Debug|Any CPU.ActiveCfg = Debug|Any CPU
		{4F0187A4-2CBF-419C-9553-918E832D785B}.Debug|Any CPU.Build.0 = Debug|Any CPU
		{4F0187A4-2CBF-419C-9553-918E832D785B}.Release|Any CPU.ActiveCfg = Release|Any CPU
		{4F0187A4-2CBF-419C-9553-918E832D785B}.Release|Any CPU.Build.0 = Release|Any CPU
	EndGlobalSection
	GlobalSection(SolutionProperties) = preSolution
		HideSolutionNode = FALSE
	EndGlobalSection
	GlobalSection(NestedProjects) = preSolution
		{09DC2962-A250-4DAD-92CD-58C1738C4D1D} = {E5A59356-2A42-47B9-ACC0-C1230B98D5EA}
		{A81BC1AE-A289-4C24-AD05-CECBAEF6227A} = {E5A59356-2A42-47B9-ACC0-C1230B98D5EA}
		{7E3113BC-B7D2-4F0A-8E0C-E68E280A8A10} = {E5A59356-2A42-47B9-ACC0-C1230B98D5EA}
		{D480D480-A2CA-4DF3-8AB1-C041F112D23B} = {0EC9B2A7-DA12-4686-AFEB-9CB89611E8E1}
		{36C46391-B095-4BF7-A589-D250F791CF68} = {0EC9B2A7-DA12-4686-AFEB-9CB89611E8E1}
		{A647B96C-B313-427D-8F90-3103C49F5A25} = {0EC9B2A7-DA12-4686-AFEB-9CB89611E8E1}
		{02071CB5-6E76-4C47-B925-D498ED454869} = {936B10F2-A1C6-4A32-86EC-F06C70699669}
		{FED1A939-2C4D-4B2B-936F-B94EDA48D327} = {936B10F2-A1C6-4A32-86EC-F06C70699669}
		{FB30FFFB-87AF-46F9-93F7-5817AD5813C2} = {936B10F2-A1C6-4A32-86EC-F06C70699669}
		{1C076FF1-8C18-4242-A236-BA500C50208D} = {936B10F2-A1C6-4A32-86EC-F06C70699669}
		{BD780269-D99D-404A-A2A4-3BD0BDD403BC} = {6012795D-7260-4215-B361-2A1EA8705E0B}
		{42A4E9C9-6E68-49CB-9FC0-6C58CC5CAC37} = {6012795D-7260-4215-B361-2A1EA8705E0B}
		{92C1EEF6-CDA4-42C5-A19C-384E142E70DE} = {62AE5F4C-D0BE-4A49-86BB-BF6A58ADDC8C}
		{4F0187A4-2CBF-419C-9553-918E832D785B} = {62AE5F4C-D0BE-4A49-86BB-BF6A58ADDC8C}
	EndGlobalSection
	GlobalSection(ExtensibilityGlobals) = postSolution
		SolutionGuid = {2A2817DA-52AD-47BE-8D28-46EC7CC6CBA9}
	EndGlobalSection
EndGlobal
